
Microsoft Visual Studio Solution File, Format Version 12.00
# Visual Studio Version 16
VisualStudioVersion = 16.0.30611.23
MinimumVisualStudioVersion = 10.0.40219.1
Project("{9A19103F-16F7-4668-BE54-9A1E7A4F7556}") = "eMenka.API", "eMenka.API\eMenka.API.csproj", "{651C1095-281B-40D6-AC50-E8D3CFAEAE28}"
EndProject
Project("{9A19103F-16F7-4668-BE54-9A1E7A4F7556}") = "eMenka.Data", "eMenka.Data\eMenka.Data.csproj", "{1117E625-6ADA-46D4-A9CB-FB8E26138C06}"
EndProject
Project("{9A19103F-16F7-4668-BE54-9A1E7A4F7556}") = "eMenka.Domain", "eMenka.Domain\eMenka.Domain.csproj", "{DEC63C04-A9A7-41B5-9923-498F9F26C4B0}"
EndProject
Project("{9A19103F-16F7-4668-BE54-9A1E7A4F7556}") = "eMenka.Tests", "eMenka.Tests\eMenka.Tests.csproj", "{92DB704F-D06E-4CC2-8BFD-24FEB97809D3}"
EndProject
Global
	GlobalSection(SolutionConfigurationPlatforms) = preSolution
		Debug|Any CPU = Debug|Any CPU
		Release|Any CPU = Release|Any CPU
	EndGlobalSection
	GlobalSection(ProjectConfigurationPlatforms) = postSolution
		{651C1095-281B-40D6-AC50-E8D3CFAEAE28}.Debug|Any CPU.ActiveCfg = Debug|Any CPU
		{651C1095-281B-40D6-AC50-E8D3CFAEAE28}.Debug|Any CPU.Build.0 = Debug|Any CPU
		{651C1095-281B-40D6-AC50-E8D3CFAEAE28}.Release|Any CPU.ActiveCfg = Release|Any CPU
		{651C1095-281B-40D6-AC50-E8D3CFAEAE28}.Release|Any CPU.Build.0 = Release|Any CPU
		{1117E625-6ADA-46D4-A9CB-FB8E26138C06}.Debug|Any CPU.ActiveCfg = Debug|Any CPU
		{1117E625-6ADA-46D4-A9CB-FB8E26138C06}.Debug|Any CPU.Build.0 = Debug|Any CPU
		{1117E625-6ADA-46D4-A9CB-FB8E26138C06}.Release|Any CPU.ActiveCfg = Release|Any CPU
		{1117E625-6ADA-46D4-A9CB-FB8E26138C06}.Release|Any CPU.Build.0 = Release|Any CPU
		{DEC63C04-A9A7-41B5-9923-498F9F26C4B0}.Debug|Any CPU.ActiveCfg = Debug|Any CPU
		{DEC63C04-A9A7-41B5-9923-498F9F26C4B0}.Debug|Any CPU.Build.0 = Debug|Any CPU
		{DEC63C04-A9A7-41B5-9923-498F9F26C4B0}.Release|Any CPU.ActiveCfg = Release|Any CPU
		{DEC63C04-A9A7-41B5-9923-498F9F26C4B0}.Release|Any CPU.Build.0 = Release|Any CPU
		{92DB704F-D06E-4CC2-8BFD-24FEB97809D3}.Debug|Any CPU.ActiveCfg = Debug|Any CPU
		{92DB704F-D06E-4CC2-8BFD-24FEB97809D3}.Debug|Any CPU.Build.0 = Debug|Any CPU
		{92DB704F-D06E-4CC2-8BFD-24FEB97809D3}.Release|Any CPU.ActiveCfg = Release|Any CPU
		{92DB704F-D06E-4CC2-8BFD-24FEB97809D3}.Release|Any CPU.Build.0 = Release|Any CPU
	EndGlobalSection
	GlobalSection(SolutionProperties) = preSolution
		HideSolutionNode = FALSE
	EndGlobalSection
	GlobalSection(ExtensibilityGlobals) = postSolution
		SolutionGuid = {9DADCF73-7A91-4FF7-8C42-AE3B8BD5D4CB}
	EndGlobalSection
EndGlobal
